
Microsoft Visual Studio Solution File, Format Version 12.00
# Visual Studio 15
VisualStudioVersion = 15.0.27130.2036
MinimumVisualStudioVersion = 10.0.40219.1
Project("{FAE04EC0-301F-11D3-BF4B-00C04F79EFBC}") = "Spider", "Spider\Spider.csproj", "{FF20979A-33AF-4D95-96BF-6B5AA57E6D09}"
EndProject
Global
	GlobalSection(SolutionConfigurationPlatforms) = preSolution
		Debug|Any CPU = Debug|Any CPU
		Release|Any CPU = Release|Any CPU
	EndGlobalSection
	GlobalSection(ProjectConfigurationPlatforms) = postSolution
		{FF20979A-33AF-4D95-96BF-6B5AA57E6D09}.Debug|Any CPU.ActiveCfg = Debug|Any CPU
		{FF20979A-33AF-4D95-96BF-6B5AA57E6D09}.Debug|Any CPU.Build.0 = Debug|Any CPU
		{FF20979A-33AF-4D95-96BF-6B5AA57E6D09}.Release|Any CPU.ActiveCfg = Release|Any CPU
		{FF20979A-33AF-4D95-96BF-6B5AA57E6D09}.Release|Any CPU.Build.0 = Release|Any CPU
	EndGlobalSection
	GlobalSection(SolutionProperties) = preSolution
		HideSolutionNode = FALSE
	EndGlobalSection
	GlobalSection(ExtensibilityGlobals) = postSolution
		SolutionGuid = {A31FEC69-7C8F-43A6-95A4-C977FB918840}
	EndGlobalSection
EndGlobal
